GEM
  remote: https://rubygems.org/
  specs:
    base64 (0.3.0)
    event_emitter (0.2.6)
    minitest (5.25.4)
    mutex_m (0.3.0)
    websocket (1.2.11)
    websocket-client-simple (0.9.0)
      base64
      event_emitter
      mutex_m
      websocket

PLATFORMS
  arm64-darwin-25
  x86_64-linux

DEPENDENCIES
  minitest (~> 5.22)
  websocket-client-simple (~> 0.9)

BUNDLED WITH
   2.4.22
